// !$*UTF8*$!
{
	archiveVersion = 1;
	classes = {
	};
	objectVersion = 46;
	objects = {

/* Begin PBXBuildFile section */
		5419A8E590DDC490FE2FD025 /* libPods-StartHackUITests.a in Frameworks */ = {isa = PBXBuildFile; fileRef = 38E26DE51CB319E1D90A5EB3 /* libPods-StartHackUITests.a */; };
		5E7C6A4675BC8409358201C2 /* libPods-StartHackTests.a in Frameworks */ = {isa = PBXBuildFile; fileRef = 22D809BB42DE37F65AE2F8CD /* libPods-StartHackTests.a */; };
		7DFE3767C62A9AE42A9B5FAD /* libPods-StartHack.a in Frameworks */ = {isa = PBXBuildFile; fileRef = 14E997D8EBF5FA1008958781 /* libPods-StartHack.a */; };
		870919941D56500A00C37EAA /* beep.mp3 in Resources */ = {isa = PBXBuildFile; fileRef = 870919931D56500A00C37EAA /* beep.mp3 */; };
		873739911D551F8100C69440 /* RateViewController.m in Sources */ = {isa = PBXBuildFile; fileRef = 873739901D551F8100C69440 /* RateViewController.m */; };
		877D795E1D96D5A20018B1ED /* Assets.xcassets in Resources */ = {isa = PBXBuildFile; fileRef = 877D795D1D96D5A20018B1ED /* Assets.xcassets */; };
		877D895B1D41433C0061CDBD /* CallViewController.m in Sources */ = {isa = PBXBuildFile; fileRef = 877D895A1D41433C0061CDBD /* CallViewController.m */; };
		877D895E1D414A990061CDBD /* AcceptAudioCallViewController.m in Sources */ = {isa = PBXBuildFile; fileRef = 877D895D1D414A990061CDBD /* AcceptAudioCallViewController.m */; };
		87C080321D58B8760085896C /* Localizable.strings in Resources */ = {isa = PBXBuildFile; fileRef = 87C080341D58B8760085896C /* Localizable.strings */; };
		D018FB771C9397200028DCE6 /* main.m in Sources */ = {isa = PBXBuildFile; fileRef = D018FB761C9397200028DCE6 /* main.m */; };
		D018FB7A1C9397200028DCE6 /* AppDelegate.m in Sources */ = {isa = PBXBuildFile; fileRef = D018FB791C9397200028DCE6 /* AppDelegate.m */; };
		D018FB7D1C9397200028DCE6 /* ViewController.m in Sources */ = {isa = PBXBuildFile; fileRef = D018FB7C1C9397200028DCE6 /* ViewController.m */; };
		D018FB801C9397200028DCE6 /* Main.storyboard in Resources */ = {isa = PBXBuildFile; fileRef = D018FB7E1C9397200028DCE6 /* Main.storyboard */; };
		D018FB851C9397200028DCE6 /* LaunchScreen.storyboard in Resources */ = {isa = PBXBuildFile; fileRef = D018FB831C9397200028DCE6 /* LaunchScreen.storyboard */; };
		D018FB901C9397200028DCE6 /* StartHackTests.m in Sources */ = {isa = PBXBuildFile; fileRef = D018FB8F1C9397200028DCE6 /* StartHackTests.m */; };
		D018FB9B1C9397200028DCE6 /* StartHackUITests.m in Sources */ = {isa = PBXBuildFile; fileRef = D018FB9A1C9397200028DCE6 /* StartHackUITests.m */; };
		D018FBAE1C93A4650028DCE6 /* SelectTypeViewController.m in Sources */ = {isa = PBXBuildFile; fileRef = D018FBAD1C93A4650028DCE6 /* SelectTypeViewController.m */; };
		D018FBB01C93AA4D0028DCE6 /* languages.plist in Resources */ = {isa = PBXBuildFile; fileRef = D018FBAF1C93AA4D0028DCE6 /* languages.plist */; };
		D03498C91C93AD59005190C1 /* StandardTableViewCell.m in Sources */ = {isa = PBXBuildFile; fileRef = D03498C81C93AD59005190C1 /* StandardTableViewCell.m */; };
		D03498CC1C93AD81005190C1 /* LanguagePickerTableViewController.m in Sources */ = {isa = PBXBuildFile; fileRef = D03498CB1C93AD81005190C1 /* LanguagePickerTableViewController.m */; };
		D0E88E491C93C59300EC0FAF /* TranslatorMainViewController.m in Sources */ = {isa = PBXBuildFile; fileRef = D0E88E481C93C59300EC0FAF /* TranslatorMainViewController.m */; };
		D0E88E4C1C93FFB800EC0FAF /* UserMainViewController.m in Sources */ = {isa = PBXBuildFile; fileRef = D0E88E4B1C93FFB800EC0FAF /* UserMainViewController.m */; };
		D0E88E4F1C94318D00EC0FAF /* UserSelectLanguageTableViewController.m in Sources */ = {isa = PBXBuildFile; fileRef = D0E88E4E1C94318D00EC0FAF /* UserSelectLanguageTableViewController.m */; };
		D0E88E521C94443100EC0FAF /* SearchingViewController.m in Sources */ = {isa = PBXBuildFile; fileRef = D0E88E511C94443100EC0FAF /* SearchingViewController.m */; };
		D0E88E551C94524800EC0FAF /* AcceptCallViewController.m in Sources */ = {isa = PBXBuildFile; fileRef = D0E88E541C94524800EC0FAF /* AcceptCallViewController.m */; };
		D0E88E581C94688E00EC0FAF /* ConversationViewController.m in Sources */ = {isa = PBXBuildFile; fileRef = D0E88E571C94688E00EC0FAF /* ConversationViewController.m */; };
/* End PBXBuildFile section */

/* Begin PBXContainerItemProxy section */
		D018FB8C1C9397200028DCE6 /* PBXContainerItemProxy */ = {
			isa = PBXContainerItemProxy;
			containerPortal = D018FB6A1C9397200028DCE6 /* Project object */;
			proxyType = 1;
			remoteGlobalIDString = D018FB711C9397200028DCE6;
			remoteInfo = StartHack;
		};
		D018FB971C9397200028DCE6 /* PBXContainerItemProxy */ = {
			isa = PBXContainerItemProxy;
			containerPortal = D018FB6A1C9397200028DCE6 /* Project object */;
			proxyType = 1;
			remoteGlobalIDString = D018FB711C9397200028DCE6;
			remoteInfo = StartHack;
		};
/* End PBXContainerItemProxy section */

/* Begin PBXFileReference section */
		0ACED50DAE68E552BBE9BB33 /* Pods-StartHackUITests.release.xcconfig */ = {isa = PBXFileReference; includeInIndex = 1; lastKnownFileType = text.xcconfig; name = "Pods-StartHackUITests.release.xcconfig"; path = "Pods/Target Support Files/Pods-StartHackUITests/Pods-StartHackUITests.release.xcconfig"; sourceTree = "<group>"; };
		14E997D8EBF5FA1008958781 /* libPods-StartHack.a */ = {isa = PBXFileReference; explicitFileType = archive.ar; includeInIndex = 0; path = "libPods-StartHack.a"; sourceTree = BUILT_PRODUCTS_DIR; };
		22D809BB42DE37F65AE2F8CD /* libPods-StartHackTests.a */ = {isa = PBXFileReference; explicitFileType = archive.ar; includeInIndex = 0; path = "libPods-StartHackTests.a"; sourceTree = BUILT_PRODUCTS_DIR; };
		38E26DE51CB319E1D90A5EB3 /* libPods-StartHackUITests.a */ = {isa = PBXFileReference; explicitFileType = archive.ar; includeInIndex = 0; path = "libPods-StartHackUITests.a"; sourceTree = BUILT_PRODUCTS_DIR; };
		54DAA07F7D0DA477AB0D22CC /* Pods-StartHack.debug.xcconfig */ = {isa = PBXFileReference; includeInIndex = 1; lastKnownFileType = text.xcconfig; name = "Pods-StartHack.debug.xcconfig"; path = "Pods/Target Support Files/Pods-StartHack/Pods-StartHack.debug.xcconfig"; sourceTree = "<group>"; };
		6F2FB867B3A30EA6C7895C41 /* Pods-StartHackTests.release.xcconfig */ = {isa = PBXFileReference; includeInIndex = 1; lastKnownFileType = text.xcconfig; name = "Pods-StartHackTests.release.xcconfig"; path = "Pods/Target Support Files/Pods-StartHackTests/Pods-StartHackTests.release.xcconfig"; sourceTree = "<group>"; };
		870919931D56500A00C37EAA /* beep.mp3 */ = {isa = PBXFileReference; lastKnownFileType = audio.mp3; path = beep.mp3; sourceTree = "<group>"; };
		8720F3FC1D58A16F00EA7DEA /* libBolts.a */ = {isa = PBXFileReference; lastKnownFileType = archive.ar; name = libBolts.a; path = "../../Library/Developer/Xcode/DerivedData/StartHack-ayoqvkzczhethocsyulmbqnhfkzm/Build/Products/Debug-iphonesimulator/Bolts/libBolts.a"; sourceTree = "<group>"; };
		8720F3FE1D58A18100EA7DEA /* libParse.a */ = {isa = PBXFileReference; lastKnownFileType = archive.ar; name = libParse.a; path = "../../Library/Developer/Xcode/DerivedData/StartHack-ayoqvkzczhethocsyulmbqnhfkzm/Build/Products/Debug-iphonesimulator/Parse/libParse.a"; sourceTree = "<group>"; };
		8737398F1D551F8100C69440 /* RateViewController.h */ = {isa = PBXFileReference; fileEncoding = 4; lastKnownFileType = sourcecode.c.h; path = RateViewController.h; sourceTree = "<group>"; };
		873739901D551F8100C69440 /* RateViewController.m */ = {isa = PBXFileReference; fileEncoding = 4; lastKnownFileType = sourcecode.c.objc; path = RateViewController.m; sourceTree = "<group>"; };
		877D795D1D96D5A20018B1ED /* Assets.xcassets */ = {isa = PBXFileReference; lastKnownFileType = folder.assetcatalog; path = Assets.xcassets; sourceTree = "<group>"; };
		877D89591D41433C0061CDBD /* CallViewController.h */ = {isa = PBXFileReference; fileEncoding = 4; lastKnownFileType = sourcecode.c.h; path = CallViewController.h; sourceTree = "<group>"; };
		877D895A1D41433C0061CDBD /* CallViewController.m */ = {isa = PBXFileReference; fileEncoding = 4; lastKnownFileType = sourcecode.c.objc; path = CallViewController.m; sourceTree = "<group>"; };
		877D895C1D414A990061CDBD /* AcceptAudioCallViewController.h */ = {isa = PBXFileReference; fileEncoding = 4; lastKnownFileType = sourcecode.c.h; path = AcceptAudioCallViewController.h; sourceTree = "<group>"; };
		877D895D1D414A990061CDBD /* AcceptAudioCallViewController.m */ = {isa = PBXFileReference; fileEncoding = 4; lastKnownFileType = sourcecode.c.objc; path = AcceptAudioCallViewController.m; sourceTree = "<group>"; };
		878214AA1D58AB5200FBF1FC /* de */ = {isa = PBXFileReference; lastKnownFileType = text.plist.strings; name = de; path = de.lproj/LaunchScreen.strings; sourceTree = "<group>"; };
		87C080331D58B8760085896C /* Base */ = {isa = PBXFileReference; lastKnownFileType = text.plist.strings; name = Base; path = Base.lproj/Localizable.strings; sourceTree = "<group>"; };
		87C080361D58B8800085896C /* de */ = {isa = PBXFileReference; lastKnownFileType = text.plist.strings; name = de; path = de.lproj/Localizable.strings; sourceTree = "<group>"; };
		87C080371D58BAF70085896C /* fr */ = {isa = PBXFileReference; lastKnownFileType = text.plist.strings; name = fr; path = fr.lproj/Main.strings; sourceTree = "<group>"; };
		87C080381D58BAF70085896C /* fr */ = {isa = PBXFileReference; lastKnownFileType = text.plist.strings; name = fr; path = fr.lproj/LaunchScreen.strings; sourceTree = "<group>"; };
		87C080391D58BAF70085896C /* fr */ = {isa = PBXFileReference; lastKnownFileType = text.plist.strings; name = fr; path = fr.lproj/Localizable.strings; sourceTree = "<group>"; };
		87C0803A1D58BB300085896C /* sv */ = {isa = PBXFileReference; lastKnownFileType = text.plist.strings; name = sv; path = sv.lproj/Main.strings; sourceTree = "<group>"; };
		87C0803B1D58BB310085896C /* sv */ = {isa = PBXFileReference; lastKnownFileType = text.plist.strings; name = sv; path = sv.lproj/LaunchScreen.strings; sourceTree = "<group>"; };
		87C0803C1D58BB310085896C /* sv */ = {isa = PBXFileReference; lastKnownFileType = text.plist.strings; name = sv; path = sv.lproj/Localizable.strings; sourceTree = "<group>"; };
		87C0803D1D58BB3D0085896C /* ar */ = {isa = PBXFileReference; lastKnownFileType = text.plist.strings; name = ar; path = ar.lproj/Main.strings; sourceTree = "<group>"; };
		87C0803E1D58BB3D0085896C /* ar */ = {isa = PBXFileReference; lastKnownFileType = text.plist.strings; name = ar; path = ar.lproj/LaunchScreen.strings; sourceTree = "<group>"; };
		87C0803F1D58BB3D0085896C /* ar */ = {isa = PBXFileReference; lastKnownFileType = text.plist.strings; name = ar; path = ar.lproj/Localizable.strings; sourceTree = "<group>"; };
		87C080401D58BB7E0085896C /* sq */ = {isa = PBXFileReference; lastKnownFileType = text.plist.strings; name = sq; path = sq.lproj/Main.strings; sourceTree = "<group>"; };
		87C080411D58BB7E0085896C /* sq */ = {isa = PBXFileReference; lastKnownFileType = text.plist.strings; name = sq; path = sq.lproj/LaunchScreen.strings; sourceTree = "<group>"; };
		87C080421D58BB7E0085896C /* sq */ = {isa = PBXFileReference; lastKnownFileType = text.plist.strings; name = sq; path = sq.lproj/Localizable.strings; sourceTree = "<group>"; };
		87C080431D58BCB90085896C /* ps */ = {isa = PBXFileReference; lastKnownFileType = text.plist.strings; name = ps; path = ps.lproj/Main.strings; sourceTree = "<group>"; };
		87C080441D58BCB90085896C /* ps */ = {isa = PBXFileReference; lastKnownFileType = text.plist.strings; name = ps; path = ps.lproj/LaunchScreen.strings; sourceTree = "<group>"; };
		87C080451D58BCB90085896C /* ps */ = {isa = PBXFileReference; lastKnownFileType = text.plist.strings; name = ps; path = ps.lproj/Localizable.strings; sourceTree = "<group>"; };
		87C83F5D1D78754A001C255D /* de */ = {isa = PBXFileReference; lastKnownFileType = text.plist.strings; name = de; path = de.lproj/Main.strings; sourceTree = "<group>"; };
		A553A41C18BA48CB7C47BFC2 /* Pods-StartHackUITests.debug.xcconfig */ = {isa = PBXFileReference; includeInIndex = 1; lastKnownFileType = text.xcconfig; name = "Pods-StartHackUITests.debug.xcconfig"; path = "Pods/Target Support Files/Pods-StartHackUITests/Pods-StartHackUITests.debug.xcconfig"; sourceTree = "<group>"; };
		D018FB721C9397200028DCE6 /* StartHack.app */ = {isa = PBXFileReference; explicitFileType = wrapper.application; includeInIndex = 0; path = StartHack.app; sourceTree = BUILT_PRODUCTS_DIR; };
		D018FB761C9397200028DCE6 /* main.m */ = {isa = PBXFileReference; lastKnownFileType = sourcecode.c.objc; path = main.m; sourceTree = "<group>"; };
		D018FB781C9397200028DCE6 /* AppDelegate.h */ = {isa = PBXFileReference; lastKnownFileType = sourcecode.c.h; path = AppDelegate.h; sourceTree = "<group>"; };
		D018FB791C9397200028DCE6 /* AppDelegate.m */ = {isa = PBXFileReference; lastKnownFileType = sourcecode.c.objc; path = AppDelegate.m; sourceTree = "<group>"; };
		D018FB7B1C9397200028DCE6 /* ViewController.h */ = {isa = PBXFileReference; lastKnownFileType = sourcecode.c.h; path = ViewController.h; sourceTree = "<group>"; };
		D018FB7C1C9397200028DCE6 /* ViewController.m */ = {isa = PBXFileReference; lastKnownFileType = sourcecode.c.objc; path = ViewController.m; sourceTree = "<group>"; };
		D018FB7F1C9397200028DCE6 /* Base */ = {isa = PBXFileReference; lastKnownFileType = file.storyboard; name = Base; path = Base.lproj/Main.storyboard; sourceTree = "<group>"; };
		D018FB841C9397200028DCE6 /* Base */ = {isa = PBXFileReference; lastKnownFileType = file.storyboard; name = Base; path = Base.lproj/LaunchScreen.storyboard; sourceTree = "<group>"; };
		D018FB861C9397200028DCE6 /* Info.plist */ = {isa = PBXFileReference; lastKnownFileType = text.plist.xml; path = Info.plist; sourceTree = "<group>"; };
		D018FB8B1C9397200028DCE6 /* StartHackTests.xctest */ = {isa = PBXFileReference; explicitFileType = wrapper.cfbundle; includeInIndex = 0; path = StartHackTests.xctest; sourceTree = BUILT_PRODUCTS_DIR; };
		D018FB8F1C9397200028DCE6 /* StartHackTests.m */ = {isa = PBXFileReference; lastKnownFileType = sourcecode.c.objc; path = StartHackTests.m; sourceTree = "<group>"; };
		D018FB911C9397200028DCE6 /* Info.plist */ = {isa = PBXFileReference; lastKnownFileType = text.plist.xml; path = Info.plist; sourceTree = "<group>"; };
		D018FB961C9397200028DCE6 /* StartHackUITests.xctest */ = {isa = PBXFileReference; explicitFileType = wrapper.cfbundle; includeInIndex = 0; path = StartHackUITests.xctest; sourceTree = BUILT_PRODUCTS_DIR; };
		D018FB9A1C9397200028DCE6 /* StartHackUITests.m */ = {isa = PBXFileReference; lastKnownFileType = sourcecode.c.objc; path = StartHackUITests.m; sourceTree = "<group>"; };
		D018FB9C1C9397200028DCE6 /* Info.plist */ = {isa = PBXFileReference; lastKnownFileType = text.plist.xml; path = Info.plist; sourceTree = "<group>"; };
		D018FBAC1C93A4650028DCE6 /* SelectTypeViewController.h */ = {isa = PBXFileReference; fileEncoding = 4; lastKnownFileType = sourcecode.c.h; path = SelectTypeViewController.h; sourceTree = "<group>"; };
		D018FBAD1C93A4650028DCE6 /* SelectTypeViewController.m */ = {isa = PBXFileReference; fileEncoding = 4; lastKnownFileType = sourcecode.c.objc; path = SelectTypeViewController.m; sourceTree = "<group>"; };
		D018FBAF1C93AA4D0028DCE6 /* languages.plist */ = {isa = PBXFileReference; fileEncoding = 4; lastKnownFileType = text.plist.xml; path = languages.plist; sourceTree = "<group>"; };
		D03498C71C93AD59005190C1 /* StandardTableViewCell.h */ = {isa = PBXFileReference; fileEncoding = 4; lastKnownFileType = sourcecode.c.h; path = StandardTableViewCell.h; sourceTree = "<group>"; };
		D03498C81C93AD59005190C1 /* StandardTableViewCell.m */ = {isa = PBXFileReference; fileEncoding = 4; lastKnownFileType = sourcecode.c.objc; path = StandardTableViewCell.m; sourceTree = "<group>"; };
		D03498CA1C93AD81005190C1 /* LanguagePickerTableViewController.h */ = {isa = PBXFileReference; fileEncoding = 4; lastKnownFileType = sourcecode.c.h; path = LanguagePickerTableViewController.h; sourceTree = "<group>"; };
		D03498CB1C93AD81005190C1 /* LanguagePickerTableViewController.m */ = {isa = PBXFileReference; fileEncoding = 4; lastKnownFileType = sourcecode.c.objc; path = LanguagePickerTableViewController.m; sourceTree = "<group>"; };
		D0E88E471C93C59300EC0FAF /* TranslatorMainViewController.h */ = {isa = PBXFileReference; fileEncoding = 4; lastKnownFileType = sourcecode.c.h; path = TranslatorMainViewController.h; sourceTree = "<group>"; };
		D0E88E481C93C59300EC0FAF /* TranslatorMainViewController.m */ = {isa = PBXFileReference; fileEncoding = 4; lastKnownFileType = sourcecode.c.objc; path = TranslatorMainViewController.m; sourceTree = "<group>"; };
		D0E88E4A1C93FFB800EC0FAF /* UserMainViewController.h */ = {isa = PBXFileReference; fileEncoding = 4; lastKnownFileType = sourcecode.c.h; path = UserMainViewController.h; sourceTree = "<group>"; };
		D0E88E4B1C93FFB800EC0FAF /* UserMainViewController.m */ = {isa = PBXFileReference; fileEncoding = 4; lastKnownFileType = sourcecode.c.objc; path = UserMainViewController.m; sourceTree = "<group>"; };
		D0E88E4D1C94318D00EC0FAF /* UserSelectLanguageTableViewController.h */ = {isa = PBXFileReference; fileEncoding = 4; lastKnownFileType = sourcecode.c.h; path = UserSelectLanguageTableViewController.h; sourceTree = "<group>"; };
		D0E88E4E1C94318D00EC0FAF /* UserSelectLanguageTableViewController.m */ = {isa = PBXFileReference; fileEncoding = 4; lastKnownFileType = sourcecode.c.objc; path = UserSelectLanguageTableViewController.m; sourceTree = "<group>"; };
		D0E88E501C94443100EC0FAF /* SearchingViewController.h */ = {isa = PBXFileReference; fileEncoding = 4; lastKnownFileType = sourcecode.c.h; path = SearchingViewController.h; sourceTree = "<group>"; };
		D0E88E511C94443100EC0FAF /* SearchingViewController.m */ = {isa = PBXFileReference; fileEncoding = 4; lastKnownFileType = sourcecode.c.objc; path = SearchingViewController.m; sourceTree = "<group>"; };
		D0E88E531C94524800EC0FAF /* AcceptCallViewController.h */ = {isa = PBXFileReference; fileEncoding = 4; lastKnownFileType = sourcecode.c.h; path = AcceptCallViewController.h; sourceTree = "<group>"; };
		D0E88E541C94524800EC0FAF /* AcceptCallViewController.m */ = {isa = PBXFileReference; fileEncoding = 4; lastKnownFileType = sourcecode.c.objc; path = AcceptCallViewController.m; sourceTree = "<group>"; };
		D0E88E561C94688E00EC0FAF /* ConversationViewController.h */ = {isa = PBXFileReference; fileEncoding = 4; lastKnownFileType = sourcecode.c.h; path = ConversationViewController.h; sourceTree = "<group>"; };
		D0E88E571C94688E00EC0FAF /* ConversationViewController.m */ = {isa = PBXFileReference; fileEncoding = 4; lastKnownFileType = sourcecode.c.objc; path = ConversationViewController.m; sourceTree = "<group>"; };
		D41A4760A646B7584DD9B277 /* Pods-StartHack.release.xcconfig */ = {isa = PBXFileReference; includeInIndex = 1; lastKnownFileType = text.xcconfig; name = "Pods-StartHack.release.xcconfig"; path = "Pods/Target Support Files/Pods-StartHack/Pods-StartHack.release.xcconfig"; sourceTree = "<group>"; };
		F8513F285A5DA93272447898 /* Pods-StartHackTests.debug.xcconfig */ = {isa = PBXFileReference; includeInIndex = 1; lastKnownFileType = text.xcconfig; name = "Pods-StartHackTests.debug.xcconfig"; path = "Pods/Target Support Files/Pods-StartHackTests/Pods-StartHackTests.debug.xcconfig"; sourceTree = "<group>"; };
/* End PBXFileReference section */

/* Begin PBXFrameworksBuildPhase section */
		D018FB6F1C9397200028DCE6 /* Frameworks */ = {
			isa = PBXFrameworksBuildPhase;
			buildActionMask = 2147483647;
			files = (
				7DFE3767C62A9AE42A9B5FAD /* libPods-StartHack.a in Frameworks */,
			);
			runOnlyForDeploymentPostprocessing = 0;
		};
		D018FB881C9397200028DCE6 /* Frameworks */ = {
			isa = PBXFrameworksBuildPhase;
			buildActionMask = 2147483647;
			files = (
				5E7C6A4675BC8409358201C2 /* libPods-StartHackTests.a in Frameworks */,
			);
			runOnlyForDeploymentPostprocessing = 0;
		};
		D018FB931C9397200028DCE6 /* Frameworks */ = {
			isa = PBXFrameworksBuildPhase;
			buildActionMask = 2147483647;
			files = (
				5419A8E590DDC490FE2FD025 /* libPods-StartHackUITests.a in Frameworks */,
			);
			runOnlyForDeploymentPostprocessing = 0;
		};
/* End PBXFrameworksBuildPhase section */

/* Begin PBXGroup section */
		67B4C30645907B7FA17DCE1D /* Pods */ = {
			isa = PBXGroup;
			children = (
				54DAA07F7D0DA477AB0D22CC /* Pods-StartHack.debug.xcconfig */,
				D41A4760A646B7584DD9B277 /* Pods-StartHack.release.xcconfig */,
				F8513F285A5DA93272447898 /* Pods-StartHackTests.debug.xcconfig */,
				6F2FB867B3A30EA6C7895C41 /* Pods-StartHackTests.release.xcconfig */,
				A553A41C18BA48CB7C47BFC2 /* Pods-StartHackUITests.debug.xcconfig */,
				0ACED50DAE68E552BBE9BB33 /* Pods-StartHackUITests.release.xcconfig */,
			);
			name = Pods;
			sourceTree = "<group>";
		};
		89F2CC55A89490035BCCC0B8 /* Frameworks */ = {
			isa = PBXGroup;
			children = (
				8720F3FE1D58A18100EA7DEA /* libParse.a */,
				8720F3FC1D58A16F00EA7DEA /* libBolts.a */,
				14E997D8EBF5FA1008958781 /* libPods-StartHack.a */,
				22D809BB42DE37F65AE2F8CD /* libPods-StartHackTests.a */,
				38E26DE51CB319E1D90A5EB3 /* libPods-StartHackUITests.a */,
			);
			name = Frameworks;
			sourceTree = "<group>";
		};
		D018FB691C9397200028DCE6 = {
			isa = PBXGroup;
			children = (
				D018FB741C9397200028DCE6 /* StartHack */,
				D018FB8E1C9397200028DCE6 /* StartHackTests */,
				D018FB991C9397200028DCE6 /* StartHackUITests */,
				D018FB731C9397200028DCE6 /* Products */,
				67B4C30645907B7FA17DCE1D /* Pods */,
				89F2CC55A89490035BCCC0B8 /* Frameworks */,
			);
			sourceTree = "<group>";
		};
		D018FB731C9397200028DCE6 /* Products */ = {
			isa = PBXGroup;
			children = (
				D018FB721C9397200028DCE6 /* StartHack.app */,
				D018FB8B1C9397200028DCE6 /* StartHackTests.xctest */,
				D018FB961C9397200028DCE6 /* StartHackUITests.xctest */,
			);
			name = Products;
			sourceTree = "<group>";
		};
		D018FB741C9397200028DCE6 /* StartHack */ = {
			isa = PBXGroup;
			children = (
				87C080341D58B8760085896C /* Localizable.strings */,
				877D795D1D96D5A20018B1ED /* Assets.xcassets */,
				870919931D56500A00C37EAA /* beep.mp3 */,
				D018FB781C9397200028DCE6 /* AppDelegate.h */,
				D018FB791C9397200028DCE6 /* AppDelegate.m */,
				D018FB7B1C9397200028DCE6 /* ViewController.h */,
				D018FB7C1C9397200028DCE6 /* ViewController.m */,
				D018FBAC1C93A4650028DCE6 /* SelectTypeViewController.h */,
				D018FBAD1C93A4650028DCE6 /* SelectTypeViewController.m */,
				D03498CA1C93AD81005190C1 /* LanguagePickerTableViewController.h */,
				D03498CB1C93AD81005190C1 /* LanguagePickerTableViewController.m */,
				D018FB7E1C9397200028DCE6 /* Main.storyboard */,
				8737398F1D551F8100C69440 /* RateViewController.h */,
				873739901D551F8100C69440 /* RateViewController.m */,
				877D89591D41433C0061CDBD /* CallViewController.h */,
				877D895A1D41433C0061CDBD /* CallViewController.m */,
				D0E88E471C93C59300EC0FAF /* TranslatorMainViewController.h */,
				D0E88E481C93C59300EC0FAF /* TranslatorMainViewController.m */,
				D0E88E4A1C93FFB800EC0FAF /* UserMainViewController.h */,
				D0E88E4B1C93FFB800EC0FAF /* UserMainViewController.m */,
				D0E88E501C94443100EC0FAF /* SearchingViewController.h */,
				D0E88E511C94443100EC0FAF /* SearchingViewController.m */,
				D0E88E4D1C94318D00EC0FAF /* UserSelectLanguageTableViewController.h */,
				D0E88E4E1C94318D00EC0FAF /* UserSelectLanguageTableViewController.m */,
				D0E88E531C94524800EC0FAF /* AcceptCallViewController.h */,
				D0E88E541C94524800EC0FAF /* AcceptCallViewController.m */,
				877D895C1D414A990061CDBD /* AcceptAudioCallViewController.h */,
				877D895D1D414A990061CDBD /* AcceptAudioCallViewController.m */,
				D0E88E561C94688E00EC0FAF /* ConversationViewController.h */,
				D0E88E571C94688E00EC0FAF /* ConversationViewController.m */,
				D018FBAF1C93AA4D0028DCE6 /* languages.plist */,
				D018FB831C9397200028DCE6 /* LaunchScreen.storyboard */,
				D018FB861C9397200028DCE6 /* Info.plist */,
				D018FB751C9397200028DCE6 /* Supporting Files */,
			);
			path = StartHack;
			sourceTree = "<group>";
		};
		D018FB751C9397200028DCE6 /* Supporting Files */ = {
			isa = PBXGroup;
			children = (
				D03498C71C93AD59005190C1 /* StandardTableViewCell.h */,
				D03498C81C93AD59005190C1 /* StandardTableViewCell.m */,
				D018FB761C9397200028DCE6 /* main.m */,
			);
			name = "Supporting Files";
			sourceTree = "<group>";
		};
		D018FB8E1C9397200028DCE6 /* StartHackTests */ = {
			isa = PBXGroup;
			children = (
				D018FB8F1C9397200028DCE6 /* StartHackTests.m */,
				D018FB911C9397200028DCE6 /* Info.plist */,
			);
			path = StartHackTests;
			sourceTree = "<group>";
		};
		D018FB991C9397200028DCE6 /* StartHackUITests */ = {
			isa = PBXGroup;
			children = (
				D018FB9A1C9397200028DCE6 /* StartHackUITests.m */,
				D018FB9C1C9397200028DCE6 /* Info.plist */,
			);
			path = StartHackUITests;
			sourceTree = "<group>";
		};
/* End PBXGroup section */

/* Begin PBXNativeTarget section */
		D018FB711C9397200028DCE6 /* StartHack */ = {
			isa = PBXNativeTarget;
			buildConfigurationList = D018FB9F1C9397200028DCE6 /* Build configuration list for PBXNativeTarget "StartHack" */;
			buildPhases = (
				2EC2FA73475DFE78323BCE8A /* 📦 Check Pods Manifest.lock */,
				D018FB6E1C9397200028DCE6 /* Sources */,
				D018FB6F1C9397200028DCE6 /* Frameworks */,
				D018FB701C9397200028DCE6 /* Resources */,
				38A1C3CFD5B8BD6F48E440AE /* 📦 Embed Pods Frameworks */,
				79E0F09DAC1CBF7B25F1AA1D /* 📦 Copy Pods Resources */,
			);
			buildRules = (
			);
			dependencies = (
			);
			name = StartHack;
			productName = StartHack;
			productReference = D018FB721C9397200028DCE6 /* StartHack.app */;
			productType = "com.apple.product-type.application";
		};
		D018FB8A1C9397200028DCE6 /* StartHackTests */ = {
			isa = PBXNativeTarget;
			buildConfigurationList = D018FBA21C9397200028DCE6 /* Build configuration list for PBXNativeTarget "StartHackTests" */;
			buildPhases = (
				BDFB8BFC027B2817A110F721 /* 📦 Check Pods Manifest.lock */,
				D018FB871C9397200028DCE6 /* Sources */,
				D018FB881C9397200028DCE6 /* Frameworks */,
				D018FB891C9397200028DCE6 /* Resources */,
				CE0B04CC1375605F12295E34 /* 📦 Embed Pods Frameworks */,
				2387C8A615F73B099479B95E /* 📦 Copy Pods Resources */,
			);
			buildRules = (
			);
			dependencies = (
				D018FB8D1C9397200028DCE6 /* PBXTargetDependency */,
			);
			name = StartHackTests;
			productName = StartHackTests;
			productReference = D018FB8B1C9397200028DCE6 /* StartHackTests.xctest */;
			productType = "com.apple.product-type.bundle.unit-test";
		};
		D018FB951C9397200028DCE6 /* StartHackUITests */ = {
			isa = PBXNativeTarget;
			buildConfigurationList = D018FBA51C9397200028DCE6 /* Build configuration list for PBXNativeTarget "StartHackUITests" */;
			buildPhases = (
				8BBDB0BE3ED7AAA8F77F0FFF /* 📦 Check Pods Manifest.lock */,
				D018FB921C9397200028DCE6 /* Sources */,
				D018FB931C9397200028DCE6 /* Frameworks */,
				D018FB941C9397200028DCE6 /* Resources */,
				5900CBDF5CD5E53F27947898 /* 📦 Copy Pods Resources */,
			);
			buildRules = (
			);
			dependencies = (
				D018FB981C9397200028DCE6 /* PBXTargetDependency */,
			);
			name = StartHackUITests;
			productName = StartHackUITests;
			productReference = D018FB961C9397200028DCE6 /* StartHackUITests.xctest */;
			productType = "com.apple.product-type.bundle.ui-testing";
		};
/* End PBXNativeTarget section */

/* Begin PBXProject section */
		D018FB6A1C9397200028DCE6 /* Project object */ = {
			isa = PBXProject;
			attributes = {
				LastUpgradeCheck = 0730;
				ORGANIZATIONNAME = "Müller & Müller";
				TargetAttributes = {
					D018FB711C9397200028DCE6 = {
						CreatedOnToolsVersion = 7.3;
						DevelopmentTeam = 68X9Z9JMZ9;
						SystemCapabilities = {
							com.apple.BackgroundModes = {
								enabled = 1;
							};
							com.apple.Push = {
								enabled = 1;
							};
						};
					};
					D018FB8A1C9397200028DCE6 = {
						CreatedOnToolsVersion = 7.3;
						TestTargetID = D018FB711C9397200028DCE6;
					};
					D018FB951C9397200028DCE6 = {
						CreatedOnToolsVersion = 7.3;
						TestTargetID = D018FB711C9397200028DCE6;
					};
				};
			};
			buildConfigurationList = D018FB6D1C9397200028DCE6 /* Build configuration list for PBXProject "StartHack" */;
			compatibilityVersion = "Xcode 3.2";
			developmentRegion = English;
			hasScannedForEncodings = 0;
			knownRegions = (
				en,
				Base,
				de,
				fr,
				sv,
				ar,
				sq,
				ps,
			);
			mainGroup = D018FB691C9397200028DCE6;
			productRefGroup = D018FB731C9397200028DCE6 /* Products */;
			projectDirPath = "";
			projectRoot = "";
			targets = (
				D018FB711C9397200028DCE6 /* StartHack */,
				D018FB8A1C9397200028DCE6 /* StartHackTests */,
				D018FB951C9397200028DCE6 /* StartHackUITests */,
			);
		};
/* End PBXProject section */

/* Begin PBXResourcesBuildPhase section */
		D018FB701C9397200028DCE6 /* Resources */ = {
			isa = PBXResourcesBuildPhase;
			buildActionMask = 2147483647;
			files = (
				D018FBB01C93AA4D0028DCE6 /* languages.plist in Resources */,
				87C080321D58B8760085896C /* Localizable.strings in Resources */,
				D018FB851C9397200028DCE6 /* LaunchScreen.storyboard in Resources */,
				870919941D56500A00C37EAA /* beep.mp3 in Resources */,
				877D795E1D96D5A20018B1ED /* Assets.xcassets in Resources */,
				D018FB801C9397200028DCE6 /* Main.storyboard in Resources */,
			);
			runOnlyForDeploymentPostprocessing = 0;
		};
		D018FB891C9397200028DCE6 /* Resources */ = {
			isa = PBXResourcesBuildPhase;
			buildActionMask = 2147483647;
			files = (
			);
			runOnlyForDeploymentPostprocessing = 0;
		};
		D018FB941C9397200028DCE6 /* Resources */ = {
			isa = PBXResourcesBuildPhase;
			buildActionMask = 2147483647;
			files = (
			);
			runOnlyForDeploymentPostprocessing = 0;
		};
/* End PBXResourcesBuildPhase section */

/* Begin PBXShellScriptBuildPhase section */
		2387C8A615F73B099479B95E /* 📦 Copy Pods Resources */ = {
			isa = PBXShellScriptBuildPhase;
			buildActionMask = 2147483647;
			files = (
			);
			inputPaths = (
			);
			name = "📦 Copy Pods Resources";
			outputPaths = (
			);
			runOnlyForDeploymentPostprocessing = 0;
			shellPath = /bin/sh;
			shellScript = "\"${SRCROOT}/Pods/Target Support Files/Pods-StartHackTests/Pods-StartHackTests-resources.sh\"\n";
			showEnvVarsInLog = 0;
		};
		2EC2FA73475DFE78323BCE8A /* 📦 Check Pods Manifest.lock */ = {
			isa = PBXShellScriptBuildPhase;
			buildActionMask = 2147483647;
			files = (
			);
			inputPaths = (
			);
			name = "📦 Check Pods Manifest.lock";
			outputPaths = (
			);
			runOnlyForDeploymentPostprocessing = 0;
			shellPath = /bin/sh;
			shellScript = "diff \"${PODS_ROOT}/../Podfile.lock\" \"${PODS_ROOT}/Manifest.lock\" > /dev/null\nif [[ $? != 0 ]] ; then\n    cat << EOM\nerror: The sandbox is not in sync with the Podfile.lock. Run 'pod install' or update your CocoaPods installation.\nEOM\n    exit 1\nfi\n";
			showEnvVarsInLog = 0;
		};
		38A1C3CFD5B8BD6F48E440AE /* 📦 Embed Pods Frameworks */ = {
			isa = PBXShellScriptBuildPhase;
			buildActionMask = 2147483647;
			files = (
			);
			inputPaths = (
			);
			name = "📦 Embed Pods Frameworks";
			outputPaths = (
			);
			runOnlyForDeploymentPostprocessing = 0;
			shellPath = /bin/sh;
			shellScript = "\"${SRCROOT}/Pods/Target Support Files/Pods-StartHack/Pods-StartHack-frameworks.sh\"\n";
			showEnvVarsInLog = 0;
		};
		5900CBDF5CD5E53F27947898 /* 📦 Copy Pods Resources */ = {
			isa = PBXShellScriptBuildPhase;
			buildActionMask = 2147483647;
			files = (
			);
			inputPaths = (
			);
			name = "📦 Copy Pods Resources";
			outputPaths = (
			);
			runOnlyForDeploymentPostprocessing = 0;
			shellPath = /bin/sh;
			shellScript = "\"${SRCROOT}/Pods/Target Support Files/Pods-StartHackUITests/Pods-StartHackUITests-resources.sh\"\n";
			showEnvVarsInLog = 0;
		};
		79E0F09DAC1CBF7B25F1AA1D /* 📦 Copy Pods Resources */ = {
			isa = PBXShellScriptBuildPhase;
			buildActionMask = 2147483647;
			files = (
			);
			inputPaths = (
			);
			name = "📦 Copy Pods Resources";
			outputPaths = (
			);
			runOnlyForDeploymentPostprocessing = 0;
			shellPath = /bin/sh;
			shellScript = "\"${SRCROOT}/Pods/Target Support Files/Pods-StartHack/Pods-StartHack-resources.sh\"\n";
			showEnvVarsInLog = 0;
		};
		8BBDB0BE3ED7AAA8F77F0FFF /* 📦 Check Pods Manifest.lock */ = {
			isa = PBXShellScriptBuildPhase;
			buildActionMask = 2147483647;
			files = (
			);
			inputPaths = (
			);
			name = "📦 Check Pods Manifest.lock";
			outputPaths = (
			);
			runOnlyForDeploymentPostprocessing = 0;
			shellPath = /bin/sh;
			shellScript = "diff \"${PODS_ROOT}/../Podfile.lock\" \"${PODS_ROOT}/Manifest.lock\" > /dev/null\nif [[ $? != 0 ]] ; then\n    cat << EOM\nerror: The sandbox is not in sync with the Podfile.lock. Run 'pod install' or update your CocoaPods installation.\nEOM\n    exit 1\nfi\n";
			showEnvVarsInLog = 0;
		};
		BDFB8BFC027B2817A110F721 /* 📦 Check Pods Manifest.lock */ = {
			isa = PBXShellScriptBuildPhase;
			buildActionMask = 2147483647;
			files = (
			);
			inputPaths = (
			);
			name = "📦 Check Pods Manifest.lock";
			outputPaths = (
			);
			runOnlyForDeploymentPostprocessing = 0;
			shellPath = /bin/sh;
			shellScript = "diff \"${PODS_ROOT}/../Podfile.lock\" \"${PODS_ROOT}/Manifest.lock\" > /dev/null\nif [[ $? != 0 ]] ; then\n    cat << EOM\nerror: The sandbox is not in sync with the Podfile.lock. Run 'pod install' or update your CocoaPods installation.\nEOM\n    exit 1\nfi\n";
			showEnvVarsInLog = 0;
		};
		CE0B04CC1375605F12295E34 /* 📦 Embed Pods Frameworks */ = {
			isa = PBXShellScriptBuildPhase;
			buildActionMask = 2147483647;
			files = (
			);
			inputPaths = (
			);
			name = "📦 Embed Pods Frameworks";
			outputPaths = (
			);
			runOnlyForDeploymentPostprocessing = 0;
			shellPath = /bin/sh;
			shellScript = "\"${SRCROOT}/Pods/Target Support Files/Pods-StartHackTests/Pods-StartHackTests-frameworks.sh\"\n";
			showEnvVarsInLog = 0;
		};
/* End PBXShellScriptBuildPhase section */

/* Begin PBXSourcesBuildPhase section */
		D018FB6E1C9397200028DCE6 /* Sources */ = {
			isa = PBXSourcesBuildPhase;
			buildActionMask = 2147483647;
			files = (
				D0E88E551C94524800EC0FAF /* AcceptCallViewController.m in Sources */,
				D018FB7D1C9397200028DCE6 /* ViewController.m in Sources */,
				D03498CC1C93AD81005190C1 /* LanguagePickerTableViewController.m in Sources */,
				D03498C91C93AD59005190C1 /* StandardTableViewCell.m in Sources */,
				877D895B1D41433C0061CDBD /* CallViewController.m in Sources */,
				873739911D551F8100C69440 /* RateViewController.m in Sources */,
				D0E88E521C94443100EC0FAF /* SearchingViewController.m in Sources */,
				D018FB7A1C9397200028DCE6 /* AppDelegate.m in Sources */,
				D018FBAE1C93A4650028DCE6 /* SelectTypeViewController.m in Sources */,
				D0E88E4F1C94318D00EC0FAF /* UserSelectLanguageTableViewController.m in Sources */,
				D0E88E491C93C59300EC0FAF /* TranslatorMainViewController.m in Sources */,
				D0E88E581C94688E00EC0FAF /* ConversationViewController.m in Sources */,
				877D895E1D414A990061CDBD /* AcceptAudioCallViewController.m in Sources */,
				D0E88E4C1C93FFB800EC0FAF /* UserMainViewController.m in Sources */,
				D018FB771C9397200028DCE6 /* main.m in Sources */,
			);
			runOnlyForDeploymentPostprocessing = 0;
		};
		D018FB871C9397200028DCE6 /* Sources */ = {
			isa = PBXSourcesBuildPhase;
			buildActionMask = 2147483647;
			files = (
				D018FB901C9397200028DCE6 /* StartHackTests.m in Sources */,
			);
			runOnlyForDeploymentPostprocessing = 0;
		};
		D018FB921C9397200028DCE6 /* Sources */ = {
			isa = PBXSourcesBuildPhase;
			buildActionMask = 2147483647;
			files = (
				D018FB9B1C9397200028DCE6 /* StartHackUITests.m in Sources */,
			);
			runOnlyForDeploymentPostprocessing = 0;
		};
/* End PBXSourcesBuildPhase section */

/* Begin PBXTargetDependency section */
		D018FB8D1C9397200028DCE6 /* PBXTargetDependency */ = {
			isa = PBXTargetDependency;
			target = D018FB711C9397200028DCE6 /* StartHack */;
			targetProxy = D018FB8C1C9397200028DCE6 /* PBXContainerItemProxy */;
		};
		D018FB981C9397200028DCE6 /* PBXTargetDependency */ = {
			isa = PBXTargetDependency;
			target = D018FB711C9397200028DCE6 /* StartHack */;
			targetProxy = D018FB971C9397200028DCE6 /* PBXContainerItemProxy */;
		};
/* End PBXTargetDependency section */

/* Begin PBXVariantGroup section */
		87C080341D58B8760085896C /* Localizable.strings */ = {
			isa = PBXVariantGroup;
			children = (
				87C080331D58B8760085896C /* Base */,
				87C080361D58B8800085896C /* de */,
				87C080391D58BAF70085896C /* fr */,
				87C0803C1D58BB310085896C /* sv */,
				87C0803F1D58BB3D0085896C /* ar */,
				87C080421D58BB7E0085896C /* sq */,
				87C080451D58BCB90085896C /* ps */,
			);
			name = Localizable.strings;
			sourceTree = "<group>";
		};
		D018FB7E1C9397200028DCE6 /* Main.storyboard */ = {
			isa = PBXVariantGroup;
			children = (
				D018FB7F1C9397200028DCE6 /* Base */,
				87C080371D58BAF70085896C /* fr */,
				87C0803A1D58BB300085896C /* sv */,
				87C0803D1D58BB3D0085896C /* ar */,
				87C080401D58BB7E0085896C /* sq */,
				87C080431D58BCB90085896C /* ps */,
				87C83F5D1D78754A001C255D /* de */,
			);
			name = Main.storyboard;
			sourceTree = "<group>";
		};
		D018FB831C9397200028DCE6 /* LaunchScreen.storyboard */ = {
			isa = PBXVariantGroup;
			children = (
				D018FB841C9397200028DCE6 /* Base */,
				878214AA1D58AB5200FBF1FC /* de */,
				87C080381D58BAF70085896C /* fr */,
				87C0803B1D58BB310085896C /* sv */,
				87C0803E1D58BB3D0085896C /* ar */,
				87C080411D58BB7E0085896C /* sq */,
				87C080441D58BCB90085896C /* ps */,
			);
			name = LaunchScreen.storyboard;
			sourceTree = "<group>";
		};
/* End PBXVariantGroup section */

/* Begin XCBuildConfiguration section */
		D018FB9D1C9397200028DCE6 /* Debug */ = {
			isa = XCBuildConfiguration;
			buildSettings = {
				ALWAYS_SEARCH_USER_PATHS = NO;
				CLANG_CXX_LANGUAGE_STANDARD = "gnu++0x";
				CLANG_CXX_LIBRARY = "libc++";
				CLANG_ENABLE_MODULES = YES;
				CLANG_ENABLE_OBJC_ARC = YES;
				CLANG_WARN_BOOL_CONVERSION = YES;
				CLANG_WARN_CONSTANT_CONVERSION = YES;
				CLANG_WARN_DIRECT_OBJC_ISA_USAGE = YES_ERROR;
				CLANG_WARN_EMPTY_BODY = YES;
				CLANG_WARN_ENUM_CONVERSION = YES;
				CLANG_WARN_INT_CONVERSION = YES;
				CLANG_WARN_OBJC_ROOT_CLASS = YES_ERROR;
				CLANG_WARN_UNREACHABLE_CODE = YES;
				CLANG_WARN__DUPLICATE_METHOD_MATCH = YES;
				"CODE_SIGN_IDENTITY[sdk=iphoneos*]" = "iPhone Developer";
				COPY_PHASE_STRIP = NO;
				DEBUG_INFORMATION_FORMAT = dwarf;
				ENABLE_STRICT_OBJC_MSGSEND = YES;
				ENABLE_TESTABILITY = YES;
				GCC_C_LANGUAGE_STANDARD = gnu99;
				GCC_DYNAMIC_NO_PIC = NO;
				GCC_NO_COMMON_BLOCKS = YES;
				GCC_OPTIMIZATION_LEVEL = 0;
				GCC_PREPROCESSOR_DEFINITIONS = (
					"DEBUG=1",
					"$(inherited)",
				);
				GCC_WARN_64_TO_32_BIT_CONVERSION = YES;
				GCC_WARN_ABOUT_RETURN_TYPE = YES_ERROR;
				GCC_WARN_UNDECLARED_SELECTOR = YES;
				GCC_WARN_UNINITIALIZED_AUTOS = YES_AGGRESSIVE;
				GCC_WARN_UNUSED_FUNCTION = YES;
				GCC_WARN_UNUSED_VARIABLE = YES;
				IPHONEOS_DEPLOYMENT_TARGET = 9.3;
				MTL_ENABLE_DEBUG_INFO = YES;
				ONLY_ACTIVE_ARCH = YES;
				SDKROOT = iphoneos;
			};
			name = Debug;
		};
		D018FB9E1C9397200028DCE6 /* Release */ = {
			isa = XCBuildConfiguration;
			buildSettings = {
				ALWAYS_SEARCH_USER_PATHS = NO;
				CLANG_CXX_LANGUAGE_STANDARD = "gnu++0x";
				CLANG_CXX_LIBRARY = "libc++";
				CLANG_ENABLE_MODULES = YES;
				CLANG_ENABLE_OBJC_ARC = YES;
				CLANG_WARN_BOOL_CONVERSION = YES;
				CLANG_WARN_CONSTANT_CONVERSION = YES;
				CLANG_WARN_DIRECT_OBJC_ISA_USAGE = YES_ERROR;
				CLANG_WARN_EMPTY_BODY = YES;
				CLANG_WARN_ENUM_CONVERSION = YES;
				CLANG_WARN_INT_CONVERSION = YES;
				CLANG_WARN_OBJC_ROOT_CLASS = YES_ERROR;
				CLANG_WARN_UNREACHABLE_CODE = YES;
				CLANG_WARN__DUPLICATE_METHOD_MATCH = YES;
				"CODE_SIGN_IDENTITY[sdk=iphoneos*]" = "iPhone Developer";
				COPY_PHASE_STRIP = NO;
				DEBUG_INFORMATION_FORMAT = "dwarf-with-dsym";
				ENABLE_NS_ASSERTIONS = NO;
				ENABLE_STRICT_OBJC_MSGSEND = YES;
				GCC_C_LANGUAGE_STANDARD = gnu99;
				GCC_NO_COMMON_BLOCKS = YES;
				GCC_WARN_64_TO_32_BIT_CONVERSION = YES;
				GCC_WARN_ABOUT_RETURN_TYPE = YES_ERROR;
				GCC_WARN_UNDECLARED_SELECTOR = YES;
				GCC_WARN_UNINITIALIZED_AUTOS = YES_AGGRESSIVE;
				GCC_WARN_UNUSED_FUNCTION = YES;
				GCC_WARN_UNUSED_VARIABLE = YES;
				IPHONEOS_DEPLOYMENT_TARGET = 9.3;
				MTL_ENABLE_DEBUG_INFO = NO;
				SDKROOT = iphoneos;
				VALIDATE_PRODUCT = YES;
			};
			name = Release;
		};
		D018FBA01C9397200028DCE6 /* Debug */ = {
			isa = XCBuildConfiguration;
			baseConfigurationReference = 54DAA07F7D0DA477AB0D22CC /* Pods-StartHack.debug.xcconfig */;
			buildSettings = {
				ASSETCATALOG_COMPILER_APPICON_NAME = AppIcon;
				CODE_SIGN_IDENTITY = "iPhone Developer";
				ENABLE_BITCODE = NO;
				INFOPLIST_FILE = StartHack/Info.plist;
				IPHONEOS_DEPLOYMENT_TARGET = 9.0;
				LD_RUNPATH_SEARCH_PATHS = "$(inherited) @executable_path/Frameworks";
				PRODUCT_BUNDLE_IDENTIFIER = com.mueller.StartHack;
				PRODUCT_NAME = "$(TARGET_NAME)";
				VALID_ARCHS = "arm64 armv7 armv7s i386";
				"VALID_ARCHS[sdk=*]" = "arm64 armv7 armv7s i386";
			};
			name = Debug;
		};
		D018FBA11C9397200028DCE6 /* Release */ = {
			isa = XCBuildConfiguration;
			baseConfigurationReference = D41A4760A646B7584DD9B277 /* Pods-StartHack.release.xcconfig */;
			buildSettings = {
				ASSETCATALOG_COMPILER_APPICON_NAME = AppIcon;
				CODE_SIGN_IDENTITY = "iPhone Developer";
				ENABLE_BITCODE = NO;
				INFOPLIST_FILE = StartHack/Info.plist;
				IPHONEOS_DEPLOYMENT_TARGET = 9.0;
				LD_RUNPATH_SEARCH_PATHS = "$(inherited) @executable_path/Frameworks";
				PRODUCT_BUNDLE_IDENTIFIER = com.mueller.StartHack;
				PRODUCT_NAME = "$(TARGET_NAME)";
				VALID_ARCHS = "arm64 armv7 armv7s i386";
				"VALID_ARCHS[sdk=*]" = "arm64 armv7 armv7s i386";
			};
			name = Release;
		};
		D018FBA31C9397200028DCE6 /* Debug */ = {
			isa = XCBuildConfiguration;
			baseConfigurationReference = F8513F285A5DA93272447898 /* Pods-StartHackTests.debug.xcconfig */;
			buildSettings = {
				BUNDLE_LOADER = "$(TEST_HOST)";
				INFOPLIST_FILE = StartHackTests/Info.plist;
				LD_RUNPATH_SEARCH_PATHS = "$(inherited) @executable_path/Frameworks @loader_path/Frameworks";
				PRODUCT_BUNDLE_IDENTIFIER = com.mueller.StartHackTests;
				PRODUCT_NAME = "$(TARGET_NAME)";
				TEST_HOST = "$(BUILT_PRODUCTS_DIR)/StartHack.app/StartHack";
			};
			name = Debug;
		};
		D018FBA41C9397200028DCE6 /* Release */ = {
			isa = XCBuildConfiguration;
			baseConfigurationReference = 6F2FB867B3A30EA6C7895C41 /* Pods-StartHackTests.release.xcconfig */;
			buildSettings = {
				BUNDLE_LOADER = "$(TEST_HOST)";
				INFOPLIST_FILE = StartHackTests/Info.plist;
				LD_RUNPATH_SEARCH_PATHS = "$(inherited) @executable_path/Frameworks @loader_path/Frameworks";
				PRODUCT_BUNDLE_IDENTIFIER = com.mueller.StartHackTests;
				PRODUCT_NAME = "$(TARGET_NAME)";
				TEST_HOST = "$(BUILT_PRODUCTS_DIR)/StartHack.app/StartHack";
			};
			name = Release;
		};
		D018FBA61C9397200028DCE6 /* Debug */ = {
			isa = XCBuildConfiguration;
			baseConfigurationReference = A553A41C18BA48CB7C47BFC2 /* Pods-StartHackUITests.debug.xcconfig */;
			buildSettings = {
				INFOPLIST_FILE = StartHackUITests/Info.plist;
				LD_RUNPATH_SEARCH_PATHS = "$(inherited) @executable_path/Frameworks @loader_path/Frameworks";
				PRODUCT_BUNDLE_IDENTIFIER = com.mueller.StartHackUITests;
				PRODUCT_NAME = "$(TARGET_NAME)";
				TEST_TARGET_NAME = StartHack;
			};
			name = Debug;
		};
		D018FBA71C9397200028DCE6 /* Release */ = {
			isa = XCBuildConfiguration;
			baseConfigurationReference = 0ACED50DAE68E552BBE9BB33 /* Pods-StartHackUITests.release.xcconfig */;
			buildSettings = {
				INFOPLIST_FILE = StartHackUITests/Info.plist;
				LD_RUNPATH_SEARCH_PATHS = "$(inherited) @executable_path/Frameworks @loader_path/Frameworks";
				PRODUCT_BUNDLE_IDENTIFIER = com.mueller.StartHackUITests;
				PRODUCT_NAME = "$(TARGET_NAME)";
				TEST_TARGET_NAME = StartHack;
			};
			name = Release;
		};
/* End XCBuildConfiguration section */

/* Begin XCConfigurationList section */
		D018FB6D1C9397200028DCE6 /* Build configuration list for PBXProject "StartHack" */ = {
			isa = XCConfigurationList;
			buildConfigurations = (
				D018FB9D1C9397200028DCE6 /* Debug */,
				D018FB9E1C9397200028DCE6 /* Release */,
			);
			defaultConfigurationIsVisible = 0;
			defaultConfigurationName = Release;
		};
		D018FB9F1C9397200028DCE6 /* Build configuration list for PBXNativeTarget "StartHack" */ = {
			isa = XCConfigurationList;
			buildConfigurations = (
				D018FBA01C9397200028DCE6 /* Debug */,
				D018FBA11C9397200028DCE6 /* Release */,
			);
			defaultConfigurationIsVisible = 0;
			defaultConfigurationName = Release;
		};
		D018FBA21C9397200028DCE6 /* Build configuration list for PBXNativeTarget "StartHackTests" */ = {
			isa = XCConfigurationList;
			buildConfigurations = (
				D018FBA31C9397200028DCE6 /* Debug */,
				D018FBA41C9397200028DCE6 /* Release */,
			);
			defaultConfigurationIsVisible = 0;
			defaultConfigurationName = Release;
		};
		D018FBA51C9397200028DCE6 /* Build configuration list for PBXNativeTarget "StartHackUITests" */ = {
			isa = XCConfigurationList;
			buildConfigurations = (
				D018FBA61C9397200028DCE6 /* Debug */,
				D018FBA71C9397200028DCE6 /* Release */,
			);
			defaultConfigurationIsVisible = 0;
			defaultConfigurationName = Release;
		};
/* End XCConfigurationList section */
	};
	rootObject = D018FB6A1C9397200028DCE6 /* Project object */;
}
